
Microsoft Visual Studio Solution File, Format Version 12.00
# Visual Studio 14
VisualStudioVersion = 14.0.25420.1
MinimumVisualStudioVersion = 10.0.40219.1
Project("{FAE04EC0-301F-11D3-BF4B-00C04F79EFBC}") = "Dash_Board_None", "Dash_Board_None\Dash_Board_None.csproj", "{27449D02-317E-47F8-BE19-25B3086C3B6C}"
EndProject
Global
	GlobalSection(SolutionConfigurationPlatforms) = preSolution
		Debug|Any CPU = Debug|Any CPU
		Release|Any CPU = Release|Any CPU
	EndGlobalSection
	GlobalSection(ProjectConfigurationPlatforms) = postSolution
		{27449D02-317E-47F8-BE19-25B3086C3B6C}.Debug|Any CPU.ActiveCfg = Debug|Any CPU
		{27449D02-317E-47F8-BE19-25B3086C3B6C}.Debug|Any CPU.Build.0 = Debug|Any CPU
		{27449D02-317E-47F8-BE19-25B3086C3B6C}.Release|Any CPU.ActiveCfg = Release|Any CPU
		{27449D02-317E-47F8-BE19-25B3086C3B6C}.Release|Any CPU.Build.0 = Release|Any CPU
	EndGlobalSection
	GlobalSection(SolutionProperties) = preSolution
		HideSolutionNode = FALSE
	EndGlobalSection
EndGlobal
